
Microsoft Visual Studio Solution File, Format Version 12.00
# Visual Studio Version 17
VisualStudioVersion = 17.6.33723.286
MinimumVisualStudioVersion = 10.0.40219.1
Project("{FAE04EC0-301F-11D3-BF4B-00C04F79EFBC}") = "Finbourne.Lusid.Cache", "Finbourne.Lusid.Cache\Finbourne.Lusid.Cache.csproj", "{FDD8287B-C0BB-4D65-B57B-DD4256102E71}"
EndProject
Project("{FAE04EC0-301F-11D3-BF4B-00C04F79EFBC}") = "Finbourne.Lusid.Cache.UnitTests", "Finbourne.Lusid.Cache.UnitTests\Finbourne.Lusid.Cache.UnitTests.csproj", "{3855B885-3D68-4634-948F-EEE8AA2DA181}"
EndProject
Project("{FAE04EC0-301F-11D3-BF4B-00C04F79EFBC}") = "Finbourne.Lusid.Cache.IntegrationTests", "Finbourne.Lusid.Cache.IntegrationTests\Finbourne.Lusid.Cache.IntegrationTests.csproj", "{BC216E07-1CC6-45BA-BA59-937F8C345FDB}"
EndProject
Global
	GlobalSection(SolutionConfigurationPlatforms) = preSolution
		Debug|Any CPU = Debug|Any CPU
		Release|Any CPU = Release|Any CPU
	EndGlobalSection
	GlobalSection(ProjectConfigurationPlatforms) = postSolution
		{FDD8287B-C0BB-4D65-B57B-DD4256102E71}.Debug|Any CPU.ActiveCfg = Debug|Any CPU
		{FDD8287B-C0BB-4D65-B57B-DD4256102E71}.Debug|Any CPU.Build.0 = Debug|Any CPU
		{FDD8287B-C0BB-4D65-B57B-DD4256102E71}.Release|Any CPU.ActiveCfg = Release|Any CPU
		{FDD8287B-C0BB-4D65-B57B-DD4256102E71}.Release|Any CPU.Build.0 = Release|Any CPU
		{3855B885-3D68-4634-948F-EEE8AA2DA181}.Debug|Any CPU.ActiveCfg = Debug|Any CPU
		{3855B885-3D68-4634-948F-EEE8AA2DA181}.Debug|Any CPU.Build.0 = Debug|Any CPU
		{3855B885-3D68-4634-948F-EEE8AA2DA181}.Release|Any CPU.ActiveCfg = Release|Any CPU
		{3855B885-3D68-4634-948F-EEE8AA2DA181}.Release|Any CPU.Build.0 = Release|Any CPU
		{BC216E07-1CC6-45BA-BA59-937F8C345FDB}.Debug|Any CPU.ActiveCfg = Debug|Any CPU
		{BC216E07-1CC6-45BA-BA59-937F8C345FDB}.Debug|Any CPU.Build.0 = Debug|Any CPU
		{BC216E07-1CC6-45BA-BA59-937F8C345FDB}.Release|Any CPU.ActiveCfg = Release|Any CPU
		{BC216E07-1CC6-45BA-BA59-937F8C345FDB}.Release|Any CPU.Build.0 = Release|Any CPU
	EndGlobalSection
	GlobalSection(SolutionProperties) = preSolution
		HideSolutionNode = FALSE
	EndGlobalSection
	GlobalSection(ExtensibilityGlobals) = postSolution
		SolutionGuid = {8D1E18FE-742C-40B4-8802-7113958CF293}
	EndGlobalSection
EndGlobal
